github.com/davyxu/golexer v0.1.0 h1:PFavbgNV8PUH2HPU1G3o0QMcNJ3I4BkL8esbeenTyMU=
github.com/davyxu/golexer v0.1.0/go.mod h1:K/1PVWqaQEwMs+N+VvaoS66o1BAAwso+jEgXKBIa8QY=
github.com/davyxu/gosproto v0.0.0-20190820093047-001cf85c891c h1:7LaOmfODJn+hHl1SVC82aAsMxzM2KCZlxQb+EIvjMSk=
github.com/davyxu/gosproto v0.0.0-20190820093047-001cf85c891c/go.mod h1:B4poGUW+EKFRizHPEe57TfNXQ9bR8TW0NlW9guW+ysw=
